// !$*UTF8*$!
{
	archiveVersion = 1;
	classes = {
	};
	objectVersion = 51;
	objects = {

/* Begin PBXBuildFile section */
		810118D54B651F97380A01C8 /* Pods_Cats_meaw.framework in Frameworks */ = {isa = PBXBuildFile; fileRef = D2C56C141249319CC50E05FD /* Pods_Cats_meaw.framework */; };
		B81039572366A98C007155D4 /* fluffy-Gothic.ttf in Resources */ = {isa = PBXBuildFile; fileRef = B81039562366A98C007155D4 /* fluffy-Gothic.ttf */; };
		B81039682366AC6D007155D4 /* 02_cats_03.mp3 in Resources */ = {isa = PBXBuildFile; fileRef = B810395A2366AC6D007155D4 /* 02_cats_03.mp3 */; };
		B810396A2366AC6D007155D4 /* 02_cats_01.mp3 in Resources */ = {isa = PBXBuildFile; fileRef = B810395C2366AC6D007155D4 /* 02_cats_01.mp3 */; };
		B810396E2366AC6D007155D4 /* 02_cats_04.mp3 in Resources */ = {isa = PBXBuildFile; fileRef = B81039602366AC6D007155D4 /* 02_cats_04.mp3 */; };
		B810396F2366AC6D007155D4 /* 02_cats_02.mp3 in Resources */ = {isa = PBXBuildFile; fileRef = B81039612366AC6D007155D4 /* 02_cats_02.mp3 */; };
		B81039712366AC6D007155D4 /* 02_cats_05.mp3 in Resources */ = {isa = PBXBuildFile; fileRef = B81039632366AC6D007155D4 /* 02_cats_05.mp3 */; };
		B81039722366AC6D007155D4 /* 02_cats_06.mp3 in Resources */ = {isa = PBXBuildFile; fileRef = B81039642366AC6D007155D4 /* 02_cats_06.mp3 */; };
		B8177AB42362E43600071110 /* AppDelegate.swift in Sources */ = {isa = PBXBuildFile; fileRef = B8177AB32362E43600071110 /* AppDelegate.swift */; };
		B8177AB62362E43600071110 /* SceneDelegate.swift in Sources */ = {isa = PBXBuildFile; fileRef = B8177AB52362E43600071110 /* SceneDelegate.swift */; };
		B8177AB82362E43600071110 /* ViewController.swift in Sources */ = {isa = PBXBuildFile; fileRef = B8177AB72362E43600071110 /* ViewController.swift */; };
		B8177ABB2362E43600071110 /* Main.storyboard in Resources */ = {isa = PBXBuildFile; fileRef = B8177AB92362E43600071110 /* Main.storyboard */; };
		B8177ABD2362E43700071110 /* Assets.xcassets in Resources */ = {isa = PBXBuildFile; fileRef = B8177ABC2362E43700071110 /* Assets.xcassets */; };
		B8177AC02362E43700071110 /* LaunchScreen.storyboard in Resources */ = {isa = PBXBuildFile; fileRef = B8177ABE2362E43700071110 /* LaunchScreen.storyboard */; };
		B8680FC5236D42980089C193 /* SecomdViewController.swift in Sources */ = {isa = PBXBuildFile; fileRef = B8680FC4236D42980089C193 /* SecomdViewController.swift */; };
/* End PBXBuildFile section */

/* Begin PBXFileReference section */
		43BD54FF6190A0D6AC4E26E4 /* Pods-Cats_meaw.debug.xcconfig */ = {isa = PBXFileReference; includeInIndex = 1; lastKnownFileType = text.xcconfig; name = "Pods-Cats_meaw.debug.xcconfig"; path = "Target Support Files/Pods-Cats_meaw/Pods-Cats_meaw.debug.xcconfig"; sourceTree = "<group>"; };
		B81039562366A98C007155D4 /* fluffy-Gothic.ttf */ = {isa = PBXFileReference; lastKnownFileType = file; path = "fluffy-Gothic.ttf"; sourceTree = "<group>"; };
		B810395A2366AC6D007155D4 /* 02_cats_03.mp3 */ = {isa = PBXFileReference; lastKnownFileType = audio.mp3; name = 02_cats_03.mp3; path = Footage/se/02_cats_03.mp3; sourceTree = SOURCE_ROOT; };
		B810395C2366AC6D007155D4 /* 02_cats_01.mp3 */ = {isa = PBXFileReference; lastKnownFileType = audio.mp3; name = 02_cats_01.mp3; path = Footage/se/02_cats_01.mp3; sourceTree = SOURCE_ROOT; };
		B81039602366AC6D007155D4 /* 02_cats_04.mp3 */ = {isa = PBXFileReference; lastKnownFileType = audio.mp3; name = 02_cats_04.mp3; path = Footage/se/02_cats_04.mp3; sourceTree = SOURCE_ROOT; };
		B81039612366AC6D007155D4 /* 02_cats_02.mp3 */ = {isa = PBXFileReference; lastKnownFileType = audio.mp3; name = 02_cats_02.mp3; path = Footage/se/02_cats_02.mp3; sourceTree = SOURCE_ROOT; };
		B81039632366AC6D007155D4 /* 02_cats_05.mp3 */ = {isa = PBXFileReference; lastKnownFileType = audio.mp3; name = 02_cats_05.mp3; path = Footage/se/02_cats_05.mp3; sourceTree = SOURCE_ROOT; };
		B81039642366AC6D007155D4 /* 02_cats_06.mp3 */ = {isa = PBXFileReference; lastKnownFileType = audio.mp3; name = 02_cats_06.mp3; path = Footage/se/02_cats_06.mp3; sourceTree = SOURCE_ROOT; };
		B8177AB02362E43600071110 /* Cats_meaw.app */ = {isa = PBXFileReference; explicitFileType = wrapper.application; includeInIndex = 0; path = Cats_meaw.app; sourceTree = BUILT_PRODUCTS_DIR; };
		B8177AB32362E43600071110 /* AppDelegate.swift */ = {isa = PBXFileReference; lastKnownFileType = sourcecode.swift; path = AppDelegate.swift; sourceTree = "<group>"; };
		B8177AB52362E43600071110 /* SceneDelegate.swift */ = {isa = PBXFileReference; lastKnownFileType = sourcecode.swift; path = SceneDelegate.swift; sourceTree = "<group>"; };
		B8177AB72362E43600071110 /* ViewController.swift */ = {isa = PBXFileReference; lastKnownFileType = sourcecode.swift; path = ViewController.swift; sourceTree = "<group>"; };
		B8177ABA2362E43600071110 /* Base */ = {isa = PBXFileReference; lastKnownFileType = file.storyboard; name = Base; path = Base.lproj/Main.storyboard; sourceTree = "<group>"; };
		B8177ABC2362E43700071110 /* Assets.xcassets */ = {isa = PBXFileReference; lastKnownFileType = folder.assetcatalog; path = Assets.xcassets; sourceTree = "<group>"; };
		B8177ABF2362E43700071110 /* Base */ = {isa = PBXFileReference; lastKnownFileType = file.storyboard; name = Base; path = Base.lproj/LaunchScreen.storyboard; sourceTree = "<group>"; };
		B8177AC12362E43700071110 /* Info.plist */ = {isa = PBXFileReference; lastKnownFileType = text.plist.xml; path = Info.plist; sourceTree = "<group>"; };
		B8680FC4236D42980089C193 /* SecomdViewController.swift */ = {isa = PBXFileReference; lastKnownFileType = sourcecode.swift; path = SecomdViewController.swift; sourceTree = "<group>"; };
		D2C56C141249319CC50E05FD /* Pods_Cats_meaw.framework */ = {isa = PBXFileReference; explicitFileType = wrapper.framework; includeInIndex = 0; path = Pods_Cats_meaw.framework; sourceTree = BUILT_PRODUCTS_DIR; };
		D6145E9921AB27A2A383591F /* Pods-Cats_meaw.release.xcconfig */ = {isa = PBXFileReference; includeInIndex = 1; lastKnownFileType = text.xcconfig; name = "Pods-Cats_meaw.release.xcconfig"; path = "Target Support Files/Pods-Cats_meaw/Pods-Cats_meaw.release.xcconfig"; sourceTree = "<group>"; };
/* End PBXFileReference section */

/* Begin PBXFrameworksBuildPhase section */
		B8177AAD2362E43600071110 /* Frameworks */ = {
			isa = PBXFrameworksBuildPhase;
			buildActionMask = 2147483647;
			files = (
				810118D54B651F97380A01C8 /* Pods_Cats_meaw.framework in Frameworks */,
			);
			runOnlyForDeploymentPostprocessing = 0;
		};
/* End PBXFrameworksBuildPhase section */

/* Begin PBXGroup section */
		019331199E84B659A3925C7F /* Pods */ = {
			isa = PBXGroup;
			children = (
				43BD54FF6190A0D6AC4E26E4 /* Pods-Cats_meaw.debug.xcconfig */,
				D6145E9921AB27A2A383591F /* Pods-Cats_meaw.release.xcconfig */,
			);
			path = Pods;
			sourceTree = "<group>";
		};
		77C1CA91FA26E46A20B05F34 /* Frameworks */ = {
			isa = PBXGroup;
			children = (
				D2C56C141249319CC50E05FD /* Pods_Cats_meaw.framework */,
			);
			name = Frameworks;
			sourceTree = "<group>";
		};
		B8177AA72362E43600071110 = {
			isa = PBXGroup;
			children = (
				B8177AB22362E43600071110 /* Cats_meaw */,
				B8177AB12362E43600071110 /* Products */,
				019331199E84B659A3925C7F /* Pods */,
				77C1CA91FA26E46A20B05F34 /* Frameworks */,
			);
			sourceTree = "<group>";
		};
		B8177AB12362E43600071110 /* Products */ = {
			isa = PBXGroup;
			children = (
				B8177AB02362E43600071110 /* Cats_meaw.app */,
			);
			name = Products;
			sourceTree = "<group>";
		};
		B8177AB22362E43600071110 /* Cats_meaw */ = {
			isa = PBXGroup;
			children = (
				B8177AB32362E43600071110 /* AppDelegate.swift */,
				B8177AB52362E43600071110 /* SceneDelegate.swift */,
				B8177AB72362E43600071110 /* ViewController.swift */,
				B8680FC4236D42980089C193 /* SecomdViewController.swift */,
				B8177AB92362E43600071110 /* Main.storyboard */,
				B8177ABC2362E43700071110 /* Assets.xcassets */,
				B8177ABE2362E43700071110 /* LaunchScreen.storyboard */,
				B81039562366A98C007155D4 /* fluffy-Gothic.ttf */,
				B8177AC12362E43700071110 /* Info.plist */,
				B810395C2366AC6D007155D4 /* 02_cats_01.mp3 */,
				B81039612366AC6D007155D4 /* 02_cats_02.mp3 */,
				B810395A2366AC6D007155D4 /* 02_cats_03.mp3 */,
				B81039602366AC6D007155D4 /* 02_cats_04.mp3 */,
				B81039632366AC6D007155D4 /* 02_cats_05.mp3 */,
				B81039642366AC6D007155D4 /* 02_cats_06.mp3 */,
			);
			path = Cats_meaw;
			sourceTree = "<group>";
		};
/* End PBXGroup section */

/* Begin PBXNativeTarget section */
		B8177AAF2362E43600071110 /* Cats_meaw */ = {
			isa = PBXNativeTarget;
			buildConfigurationList = B8177AC42362E43700071110 /* Build configuration list for PBXNativeTarget "Cats_meaw" */;
			buildPhases = (
				7C2F45B8055F7A93D8DB8D02 /* [CP] Check Pods Manifest.lock */,
				B8177AAC2362E43600071110 /* Sources */,
				B8177AAD2362E43600071110 /* Frameworks */,
				B8177AAE2362E43600071110 /* Resources */,
				211F433D4AA6A642475C4E9C /* [CP] Embed Pods Frameworks */,
			);
			buildRules = (
			);
			dependencies = (
			);
			name = Cats_meaw;
			productName = Cats_meaw;
			productReference = B8177AB02362E43600071110 /* Cats_meaw.app */;
			productType = "com.apple.product-type.application";
		};
/* End PBXNativeTarget section */

/* Begin PBXProject section */
		B8177AA82362E43600071110 /* Project object */ = {
			isa = PBXProject;
			attributes = {
				LastSwiftUpdateCheck = 1110;
				LastUpgradeCheck = 1110;
				ORGANIZATIONNAME = seiu;
				TargetAttributes = {
					B8177AAF2362E43600071110 = {
						CreatedOnToolsVersion = 11.1;
					};
				};
			};
			buildConfigurationList = B8177AAB2362E43600071110 /* Build configuration list for PBXProject "Cats_meaw" */;
			compatibilityVersion = "Xcode 9.3";
			developmentRegion = en;
			hasScannedForEncodings = 0;
			knownRegions = (
				en,
				Base,
			);
			mainGroup = B8177AA72362E43600071110;
			productRefGroup = B8177AB12362E43600071110 /* Products */;
			projectDirPath = "";
			projectRoot = "";
			targets = (
				B8177AAF2362E43600071110 /* Cats_meaw */,
			);
		};
/* End PBXProject section */

/* Begin PBXResourcesBuildPhase section */
		B8177AAE2362E43600071110 /* Resources */ = {
			isa = PBXResourcesBuildPhase;
			buildActionMask = 2147483647;
			files = (
				B81039572366A98C007155D4 /* fluffy-Gothic.ttf in Resources */,
				B810396F2366AC6D007155D4 /* 02_cats_02.mp3 in Resources */,
				B810396E2366AC6D007155D4 /* 02_cats_04.mp3 in Resources */,
				B8177AC02362E43700071110 /* LaunchScreen.storyboard in Resources */,
				B8177ABD2362E43700071110 /* Assets.xcassets in Resources */,
				B81039682366AC6D007155D4 /* 02_cats_03.mp3 in Resources */,
				B81039722366AC6D007155D4 /* 02_cats_06.mp3 in Resources */,
				B81039712366AC6D007155D4 /* 02_cats_05.mp3 in Resources */,
				B810396A2366AC6D007155D4 /* 02_cats_01.mp3 in Resources */,
				B8177ABB2362E43600071110 /* Main.storyboard in Resources */,
			);
			runOnlyForDeploymentPostprocessing = 0;
		};
/* End PBXResourcesBuildPhase section */

/* Begin PBXShellScriptBuildPhase section */
		211F433D4AA6A642475C4E9C /* [CP] Embed Pods Frameworks */ = {
			isa = PBXShellScriptBuildPhase;
			buildActionMask = 2147483647;
			files = (
			);
			inputFileListPaths = (
				"${PODS_ROOT}/Target Support Files/Pods-Cats_meaw/Pods-Cats_meaw-frameworks-${CONFIGURATION}-input-files.xcfilelist",
			);
			name = "[CP] Embed Pods Frameworks";
			outputFileListPaths = (
				"${PODS_ROOT}/Target Support Files/Pods-Cats_meaw/Pods-Cats_meaw-frameworks-${CONFIGURATION}-output-files.xcfilelist",
			);
			runOnlyForDeploymentPostprocessing = 0;
			shellPath = /bin/sh;
			shellScript = "\"${PODS_ROOT}/Target Support Files/Pods-Cats_meaw/Pods-Cats_meaw-frameworks.sh\"\n";
			showEnvVarsInLog = 0;
		};
		7C2F45B8055F7A93D8DB8D02 /* [CP] Check Pods Manifest.lock */ = {
			isa = PBXShellScriptBuildPhase;
			buildActionMask = 2147483647;
			files = (
			);
			inputFileListPaths = (
			);
			inputPaths = (
				"${PODS_PODFILE_DIR_PATH}/Podfile.lock",
				"${PODS_ROOT}/Manifest.lock",
			);
			name = "[CP] Check Pods Manifest.lock";
			outputFileListPaths = (
			);
			outputPaths = (
				"$(DERIVED_FILE_DIR)/Pods-Cats_meaw-checkManifestLockResult.txt",
			);
			runOnlyForDeploymentPostprocessing = 0;
			shellPath = /bin/sh;
			shellScript = "diff \"${PODS_PODFILE_DIR_PATH}/Podfile.lock\" \"${PODS_ROOT}/Manifest.lock\" > /dev/null\nif [ $? != 0 ] ; then\n    # print error to STDERR\n    echo \"error: The sandbox is not in sync with the Podfile.lock. Run 'pod install' or update your CocoaPods installation.\" >&2\n    exit 1\nfi\n# This output is used by Xcode 'outputs' to avoid re-running this script phase.\necho \"SUCCESS\" > \"${SCRIPT_OUTPUT_FILE_0}\"\n";
			showEnvVarsInLog = 0;
		};
/* End PBXShellScriptBuildPhase section */

/* Begin PBXSourcesBuildPhase section */
		B8177AAC2362E43600071110 /* Sources */ = {
			isa = PBXSourcesBuildPhase;
			buildActionMask = 2147483647;
			files = (
				B8177AB82362E43600071110 /* ViewController.swift in Sources */,
				B8177AB42362E43600071110 /* AppDelegate.swift in Sources */,
				B8177AB62362E43600071110 /* SceneDelegate.swift in Sources */,
				B8680FC5236D42980089C193 /* SecomdViewController.swift in Sources */,
			);
			runOnlyForDeploymentPostprocessing = 0;
		};
/* End PBXSourcesBuildPhase section */

/* Begin PBXVariantGroup section */
		B8177AB92362E43600071110 /* Main.storyboard */ = {
			isa = PBXVariantGroup;
			children = (
				B8177ABA2362E43600071110 /* Base */,
			);
			name = Main.storyboard;
			sourceTree = "<group>";
		};
		B8177ABE2362E43700071110 /* LaunchScreen.storyboard */ = {
			isa = PBXVariantGroup;
			children = (
				B8177ABF2362E43700071110 /* Base */,
			);
			name = LaunchScreen.storyboard;
			sourceTree = "<group>";
		};
/* End PBXVariantGroup section */

/* Begin XCBuildConfiguration section */
		B8177AC22362E43700071110 /* Debug */ = {
			isa = XCBuildConfiguration;
			buildSettings = {
				ALWAYS_SEARCH_USER_PATHS = NO;
				CLANG_ANALYZER_NONNULL = YES;
				CLANG_ANALYZER_NUMBER_OBJECT_CONVERSION = YES_AGGRESSIVE;
				CLANG_CXX_LANGUAGE_STANDARD = "gnu++14";
				CLANG_CXX_LIBRARY = "libc++";
				CLANG_ENABLE_MODULES = YES;
				CLANG_ENABLE_OBJC_ARC = YES;
				CLANG_ENABLE_OBJC_WEAK = YES;
				CLANG_WARN_BLOCK_CAPTURE_AUTORELEASING = YES;
				CLANG_WARN_BOOL_CONVERSION = YES;
				CLANG_WARN_COMMA = YES;
				CLANG_WARN_CONSTANT_CONVERSION = YES;
				CLANG_WARN_DEPRECATED_OBJC_IMPLEMENTATIONS = YES;
				CLANG_WARN_DIRECT_OBJC_ISA_USAGE = YES_ERROR;
				CLANG_WARN_DOCUMENTATION_COMMENTS = YES;
				CLANG_WARN_EMPTY_BODY = YES;
				CLANG_WARN_ENUM_CONVERSION = YES;
				CLANG_WARN_INFINITE_RECURSION = YES;
				CLANG_WARN_INT_CONVERSION = YES;
				CLANG_WARN_NON_LITERAL_NULL_CONVERSION = YES;
				CLANG_WARN_OBJC_IMPLICIT_RETAIN_SELF = YES;
				CLANG_WARN_OBJC_LITERAL_CONVERSION = YES;
				CLANG_WARN_OBJC_ROOT_CLASS = YES_ERROR;
				CLANG_WARN_RANGE_LOOP_ANALYSIS = YES;
				CLANG_WARN_STRICT_PROTOTYPES = YES;
				CLANG_WARN_SUSPICIOUS_MOVE = YES;
				CLANG_WARN_UNGUARDED_AVAILABILITY = YES_AGGRESSIVE;
				CLANG_WARN_UNREACHABLE_CODE = YES;
				CLANG_WARN__DUPLICATE_METHOD_MATCH = YES;
				COPY_PHASE_STRIP = NO;
				DEBUG_INFORMATION_FORMAT = dwarf;
				ENABLE_STRICT_OBJC_MSGSEND = YES;
				ENABLE_TESTABILITY = YES;
				GCC_C_LANGUAGE_STANDARD = gnu11;
				GCC_DYNAMIC_NO_PIC = NO;
				GCC_NO_COMMON_BLOCKS = YES;
				GCC_OPTIMIZATION_LEVEL = 0;
				GCC_PREPROCESSOR_DEFINITIONS = (
					"DEBUG=1",
					"$(inherited)",
				);
				GCC_WARN_64_TO_32_BIT_CONVERSION = YES;
				GCC_WARN_ABOUT_RETURN_TYPE = YES_ERROR;
				GCC_WARN_UNDECLARED_SELECTOR = YES;
				GCC_WARN_UNINITIALIZED_AUTOS = YES_AGGRESSIVE;
				GCC_WARN_UNUSED_FUNCTION = YES;
				GCC_WARN_UNUSED_VARIABLE = YES;
				IPHONEOS_DEPLOYMENT_TARGET = 13.1;
				MTL_ENABLE_DEBUG_INFO = INCLUDE_SOURCE;
				MTL_FAST_MATH = YES;
				ONLY_ACTIVE_ARCH = YES;
				SDKROOT = iphoneos;
				SWIFT_ACTIVE_COMPILATION_CONDITIONS = DEBUG;
				SWIFT_OPTIMIZATION_LEVEL = "-Onone";
			};
			name = Debug;
		};
		B8177AC32362E43700071110 /* Release */ = {
			isa = XCBuildConfiguration;
			buildSettings = {
				ALWAYS_SEARCH_USER_PATHS = NO;
				CLANG_ANALYZER_NONNULL = YES;
				CLANG_ANALYZER_NUMBER_OBJECT_CONVERSION = YES_AGGRESSIVE;
				CLANG_CXX_LANGUAGE_STANDARD = "gnu++14";
				CLANG_CXX_LIBRARY = "libc++";
				CLANG_ENABLE_MODULES = YES;
				CLANG_ENABLE_OBJC_ARC = YES;
				CLANG_ENABLE_OBJC_WEAK = YES;
				CLANG_WARN_BLOCK_CAPTURE_AUTORELEASING = YES;
				CLANG_WARN_BOOL_CONVERSION = YES;
				CLANG_WARN_COMMA = YES;
				CLANG_WARN_CONSTANT_CONVERSION = YES;
				CLANG_WARN_DEPRECATED_OBJC_IMPLEMENTATIONS = YES;
				CLANG_WARN_DIRECT_OBJC_ISA_USAGE = YES_ERROR;
				CLANG_WARN_DOCUMENTATION_COMMENTS = YES;
				CLANG_WARN_EMPTY_BODY = YES;
				CLANG_WARN_ENUM_CONVERSION = YES;
				CLANG_WARN_INFINITE_RECURSION = YES;
				CLANG_WARN_INT_CONVERSION = YES;
				CLANG_WARN_NON_LITERAL_NULL_CONVERSION = YES;
				CLANG_WARN_OBJC_IMPLICIT_RETAIN_SELF = YES;
				CLANG_WARN_OBJC_LITERAL_CONVERSION = YES;
				CLANG_WARN_OBJC_ROOT_CLASS = YES_ERROR;
				CLANG_WARN_RANGE_LOOP_ANALYSIS = YES;
				CLANG_WARN_STRICT_PROTOTYPES = YES;
				CLANG_WARN_SUSPICIOUS_MOVE = YES;
				CLANG_WARN_UNGUARDED_AVAILABILITY = YES_AGGRESSIVE;
				CLANG_WARN_UNREACHABLE_CODE = YES;
				CLANG_WARN__DUPLICATE_METHOD_MATCH = YES;
				COPY_PHASE_STRIP = NO;
				DEBUG_INFORMATION_FORMAT = "dwarf-with-dsym";
				ENABLE_NS_ASSERTIONS = NO;
				ENABLE_STRICT_OBJC_MSGSEND = YES;
				GCC_C_LANGUAGE_STANDARD = gnu11;
				GCC_NO_COMMON_BLOCKS = YES;
				GCC_WARN_64_TO_32_BIT_CONVERSION = YES;
				GCC_WARN_ABOUT_RETURN_TYPE = YES_ERROR;
				GCC_WARN_UNDECLARED_SELECTOR = YES;
				GCC_WARN_UNINITIALIZED_AUTOS = YES_AGGRESSIVE;
				GCC_WARN_UNUSED_FUNCTION = YES;
				GCC_WARN_UNUSED_VARIABLE = YES;
				IPHONEOS_DEPLOYMENT_TARGET = 13.1;
				MTL_ENABLE_DEBUG_INFO = NO;
				MTL_FAST_MATH = YES;
				SDKROOT = iphoneos;
				SWIFT_COMPILATION_MODE = wholemodule;
				SWIFT_OPTIMIZATION_LEVEL = "-O";
				VALIDATE_PRODUCT = YES;
			};
			name = Release;
		};
		B8177AC52362E43700071110 /* Debug */ = {
			isa = XCBuildConfiguration;
			baseConfigurationReference = 43BD54FF6190A0D6AC4E26E4 /* Pods-Cats_meaw.debug.xcconfig */;
			buildSettings = {
				ASSETCATALOG_COMPILER_APPICON_NAME = AppIcon;
				CODE_SIGN_STYLE = Automatic;
				CURRENT_PROJECT_VERSION = 1.1;
				DEVELOPMENT_TEAM = GS9PGYLT5P;
				INFOPLIST_FILE = Cats_meaw/Info.plist;
				LD_RUNPATH_SEARCH_PATHS = (
					"$(inherited)",
					"@executable_path/Frameworks",
				);
				MARKETING_VERSION = 1.1.2;
				PRODUCT_BUNDLE_IDENTIFIER = jp.nekoseiu;
				PRODUCT_NAME = "$(TARGET_NAME)";
				SWIFT_VERSION = 5.0;
				TARGETED_DEVICE_FAMILY = "1,2";
			};
			name = Debug;
		};
		B8177AC62362E43700071110 /* Release */ = {
			isa = XCBuildConfiguration;
			baseConfigurationReference = D6145E9921AB27A2A383591F /* Pods-Cats_meaw.release.xcconfig */;
			buildSettings = {
				ASSETCATALOG_COMPILER_APPICON_NAME = AppIcon;
				CODE_SIGN_STYLE = Automatic;
				CURRENT_PROJECT_VERSION = 1.1;
				DEVELOPMENT_TEAM = GS9PGYLT5P;
				INFOPLIST_FILE = Cats_meaw/Info.plist;
				LD_RUNPATH_SEARCH_PATHS = (
					"$(inherited)",
					"@executable_path/Frameworks",
				);
				MARKETING_VERSION = 1.1.2;
				PRODUCT_BUNDLE_IDENTIFIER = jp.nekoseiu;
				PRODUCT_NAME = "$(TARGET_NAME)";
				SWIFT_VERSION = 5.0;
				TARGETED_DEVICE_FAMILY = "1,2";
			};
			name = Release;
		};
/* End XCBuildConfiguration section */

/* Begin XCConfigurationList section */
		B8177AAB2362E43600071110 /* Build configuration list for PBXProject "Cats_meaw" */ = {
			isa = XCConfigurationList;
			buildConfigurations = (
				B8177AC22362E43700071110 /* Debug */,
				B8177AC32362E43700071110 /* Release */,
			);
			defaultConfigurationIsVisible = 0;
			defaultConfigurationName = Release;
		};
		B8177AC42362E43700071110 /* Build configuration list for PBXNativeTarget "Cats_meaw" */ = {
			isa = XCConfigurationList;
			buildConfigurations = (
				B8177AC52362E43700071110 /* Debug */,
				B8177AC62362E43700071110 /* Release */,
			);
			defaultConfigurationIsVisible = 0;
			defaultConfigurationName = Release;
		};
/* End XCConfigurationList section */
	};
	rootObject = B8177AA82362E43600071110 /* Project object */;
}
